
Microsoft Visual Studio Solution File, Format Version 12.00
# Visual Studio Version 16
VisualStudioVersion = 16.0.29920.165
MinimumVisualStudioVersion = 10.0.40219.1
Project("{FAE04EC0-301F-11D3-BF4B-00C04F79EFBC}") = "ParkyAPI", "ParkyAPI\ParkyAPI.csproj", "{C16EB2B1-55D5-4B7D-BC79-E1A970203D6B}"
EndProject
Global
	GlobalSection(SolutionConfigurationPlatforms) = preSolution
		Debug|Any CPU = Debug|Any CPU
		Release|Any CPU = Release|Any CPU
	EndGlobalSection
	GlobalSection(ProjectConfigurationPlatforms) = postSolution
		{C16EB2B1-55D5-4B7D-BC79-E1A970203D6B}.Debug|Any CPU.ActiveCfg = Debug|Any CPU
		{C16EB2B1-55D5-4B7D-BC79-E1A970203D6B}.Debug|Any CPU.Build.0 = Debug|Any CPU
		{C16EB2B1-55D5-4B7D-BC79-E1A970203D6B}.Release|Any CPU.ActiveCfg = Release|Any CPU
		{C16EB2B1-55D5-4B7D-BC79-E1A970203D6B}.Release|Any CPU.Build.0 = Release|Any CPU
	EndGlobalSection
	GlobalSection(SolutionProperties) = preSolution
		HideSolutionNode = FALSE
	EndGlobalSection
	GlobalSection(ExtensibilityGlobals) = postSolution
		SolutionGuid = {1848C5C3-7F40-4DDC-90F7-999776BCF6E8}
	EndGlobalSection
EndGlobal
